InòåâT—á¡;è€˜ûŠÝ÷õÛ9ïÄ=åýÍ·Äå×Û§Mê—â)·âò}vO—Ö)qôõ&U8=õQ|¤õ¬ÅÐ]`’îZ}ÌmEKª?™»¬µqÇ½Ý÷QdÝß)w{—úáÄAF3-î÷{(ƒ^îæ®RÒ·izZù7›2PŽõ—ø9&É>i.RyóM0Á#®KÉ~oÙŽ´âÓ—}IS¼WÙBGzIC>wÇE&÷ÙI}ò½ß–Ò„Nîî“­Åhž•3ïÑ×M¹zÈ©ù»Ë÷’'6ŸæÿQtñ#{µŒÄ½™Ê5'|Zq\þ¨¥Þ+›EE8ª:ê÷þöeÍž<±h°lÁEÞ»¾úÂ17{ß`×ww¸­Ån+w¼¾fb¯ÈR
{ïú{Nm®*åï½öBtÂŸ/ý½ùd{ø«¿»ÓJ¯ïfÎ Ñ˜G~ŸÎÉ2c×Ø›Þ÷Ûg
Š+IBÎ$ÃK~c”«³Í.a@EªÑ5îz;²À@ådfÇ)–ã”ñhqñ\V+·ƒì·ªf÷~Â%½ÝÝÝé«…
îï»¬oÈL9H‰GŸa
ê±Ó~ª.¸PÂ·{ß{½ñÕ)Š!÷°„±Â]÷wm,¦»ºª%}	s1üŠQµ×ë÷1~
=û—+GšÎ+rÜukq$~+ŠïÆ	$·w±\CÞÄ¼·81k'Œÿ^ˆwwòçýv"÷{w™ÔùÏ7[)gÝd–E¤K7F“êßr‹ËwñO¸«½;ÞîÍ¤þWÏ'ÑÞ÷¾ÍßÕl¿’b=KÄÅ‡ŠüGØÁB±=–ñX­Þâ·½µ”×}‰”„+ÅzšPJ%îâ½û9ê×øL½=OôÈ(¿}”Qaøk}ñ\W/‚>8ãÆÿïoÓø¬CÜWgxè—¾îüW—ÝW	‘îóãÞý¥ÃjGÕ•ö·-÷²\¤ç†Owè)¾Ò!_z”h˜‡}ÞùXGîïŠþ$¯qX¬V+|ihã‡»¸­îîÿl(çþV¼øÓ¸¬WnïÊ(SŠ÷w~ IEw½ý{Òd×1ýAiow»·QEØßv®ÓªüD“þitbOôùô•áw¯ßÌW=?ºûè‚ðZÕþ3¼VûÚØ&¼Ww¿|IÝ÷rå\½L!ßÔfîî÷wwÝôÆÝÝÝÝÏß-ŠßÃ1[ŠÅnîîÕÞþ&÷¼Vê¢¾÷éeê.ww¥ÂfÌVâ±X®!Î«èI\ù»»—Š#Š6„¸ á4aÿówûâ+æaÐhú[»€ÏoüÊ1ãþµ¶hÌUì"z1Ìk™¯ý…„nî¼ù—3_þâêû‹Íœ&?ñ‚\T÷öôëG}ßÒËòÞ	‡q]Ü‘[ÝåcV p’[ww¼¿XxÐˆºfé